<?xml version="1.0" encoding="UTF-8" standalone="yes" ?>
<CodeBlocks_project_file>
	<FileVersion major="1" minor="6" />
	<Project>
		<Option title="Game 8-puzzle" />
		<Option pch_mode="2" />
		<Option compiler="gcc" />
		<Build>
			<Target title="Debug">
				<Option output="bin/Debug/Game 8-puzzle" prefix_auto="1" extension_auto="1" />
				<Option object_output="obj/Debug/" />
				<Option type="1" />
				<Option compiler="gcc" />
				<Compiler>
					<Add option="-g" />
				</Compiler>
			</Target>
			<Target title="Release">
				<Option output="bin/Release/Game 8-puzzle" prefix_auto="1" extension_auto="1" />
				<Option object_output="obj/Release/" />
				<Option type="1" />
				<Option compiler="gcc" />
				<Compiler>
					<Add option="-O2" />
				</Compiler>
				<Linker>
					<Add option="-s" />
				</Linker>
			</Target>
		</Build>
		<Compiler>
			<Add option="-Wall" />
			<Add option="-fexceptions" />
		</Compiler>
		<Unit filename="click.cpp" />
		<Unit filename="event.cpp" />
		<Unit filename="game_logic.cpp" />
		<Unit filename="game_resources.cpp" />
		<Unit filename="game_state.cpp" />
		<Unit filename="include/click.h" />
		<Unit filename="include/event.h" />
		<Unit filename="include/game_logic.h" />
		<Unit filename="include/game_resources.h" />
		<Unit filename="include/game_state.h" />
		<Unit filename="include/render_utils.h" />
		<Unit filename="include/sdl_utils.h" />
		<Unit filename="main.cpp" />
		<Unit filename="render_utils.cpp" />
		<Unit filename="sdl_utils.cpp" />
		<Extensions>
			<lib_finder disable_auto="1" />
		</Extensions>
	</Project>
</CodeBlocks_project_file>
